// !$*UTF8*$!
{
	archiveVersion = 1;
	classes = {
	};
	objectVersion = 77;
	objects = {

/* Begin PBXBuildFile section */
		2D8FE0B02F95D2870051AC16 /* FirebaseFirestoreCombine-Community in Frameworks */ = {isa = PBXBuildFile; productRef = 2D8FE0AF2F95D2870051AC16 /* FirebaseFirestoreCombine-Community */; };
		2DD1DFCA2F8EBDF6005DBDC0 /* FirebaseAnalytics in Frameworks */ = {isa = PBXBuildFile; productRef = 2DD1DFC92F8EBDF6005DBDC0 /* FirebaseAnalytics */; };
		2DD1DFCC2F8EBDF6005DBDC0 /* FirebaseAuth in Frameworks */ = {isa = PBXBuildFile; productRef = 2DD1DFCB2F8EBDF6005DBDC0 /* FirebaseAuth */; };
		2DD1DFCE2F8EBDF6005DBDC0 /* FirebaseAuthCombine-Community in Frameworks */ = {isa = PBXBuildFile; productRef = 2DD1DFCD2F8EBDF6005DBDC0 /* FirebaseAuthCombine-Community */; };
		2DD1DFD02F8EBDF6005DBDC0 /* FirebaseCore in Frameworks */ = {isa = PBXBuildFile; productRef = 2DD1DFCF2F8EBDF6005DBDC0 /* FirebaseCore */; };
		2DD1DFD22F8EBDF6005DBDC0 /* FirebaseDatabase in Frameworks */ = {isa = PBXBuildFile; productRef = 2DD1DFD12F8EBDF6005DBDC0 /* FirebaseDatabase */; };
		2DD1DFD42F8EBDF6005DBDC0 /* FirebaseFirestore in Frameworks */ = {isa = PBXBuildFile; productRef = 2DD1DFD32F8EBDF6005DBDC0 /* FirebaseFirestore */; };
		2DD1DFD62F8EBDF6005DBDC0 /* FirebaseStorage in Frameworks */ = {isa = PBXBuildFile; productRef = 2DD1DFD52F8EBDF6005DBDC0 /* FirebaseStorage */; };
/* End PBXBuildFile section */

/* Begin PBXFileReference section */
		2D8B1C452F97207D00B563C7 /* superduperproject.xcodeproj */ = {isa = PBXFileReference; lastKnownFileType = "wrapper.pb-project"; path = superduperproject.xcodeproj; sourceTree = "<group>"; };
		2D8FE08C2F95A7CA0051AC16 /* superduperproject.xcodeproj */ = {isa = PBXFileReference; lastKnownFileType = "wrapper.pb-project"; path = superduperproject.xcodeproj; sourceTree = "<group>"; };
		2DD1E01B2F8EDA3E005DBDC0 /* superduperproject.xcodeproj */ = {isa = PBXFileReference; lastKnownFileType = "wrapper.pb-project"; path = superduperproject.xcodeproj; sourceTree = "<group>"; };
		BC1C90C62F8F3827007839F7 /* superduperproject.xcodeproj */ = {isa = PBXFileReference; lastKnownFileType = "wrapper.pb-project"; path = superduperproject.xcodeproj; sourceTree = "<group>"; };
		DB730FBB2F9015870091B0A8 /* superduperproject.xcodeproj */ = {isa = PBXFileReference; lastKnownFileType = "wrapper.pb-project"; path = superduperproject.xcodeproj; sourceTree = "<group>"; };
		DB7310022F90405F0091B0A8 /* superduperproject.xcodeproj */ = {isa = PBXFileReference; lastKnownFileType = "wrapper.pb-project"; path = superduperproject.xcodeproj; sourceTree = "<group>"; };
		DB798B332F68C31200C1CABB /* superduperproject.app */ = {isa = PBXFileReference; explicitFileType = wrapper.application; includeInIndex = 0; path = superduperproject.app; sourceTree = BUILT_PRODUCTS_DIR; };
		DB8F564E2F99B3B800B62A71 /* superduperproject.xcodeproj */ = {isa = PBXFileReference; lastKnownFileType = "wrapper.pb-project"; path = superduperproject.xcodeproj; sourceTree = "<group>"; };
		DB9989742F97060300B6970E /* superduperproject.xcodeproj */ = {isa = PBXFileReference; lastKnownFileType = "wrapper.pb-project"; path = superduperproject.xcodeproj; sourceTree = "<group>"; };
		DBCF95DC2F8EEB2500934FAF /* superduperproject.xcodeproj */ = {isa = PBXFileReference; lastKnownFileType = "wrapper.pb-project"; path = superduperproject.xcodeproj; sourceTree = "<group>"; };
		DBCF96532F8F568F00934FAF /* superduperproject.xcodeproj */ = {isa = PBXFileReference; lastKnownFileType = "wrapper.pb-project"; path = superduperproject.xcodeproj; sourceTree = "<group>"; };
/* End PBXFileReference section */

/* Begin PBXFileSystemSynchronizedBuildFileExceptionSet section */
		DBCF96232F8F394000934FAF /* Exceptions for "superduperproject" folder in "superduperproject" target */ = {
			isa = PBXFileSystemSynchronizedBuildFileExceptionSet;
			membershipExceptions = (
				Info.plist,
			);
			target = DB798B322F68C31200C1CABB /* superduperproject */;
		};
/* End PBXFileSystemSynchronizedBuildFileExceptionSet section */

/* Begin PBXFileSystemSynchronizedRootGroup section */
		DB798B352F68C31200C1CABB /* superduperproject */ = {
			isa = PBXFileSystemSynchronizedRootGroup;
			exceptions = (
				DBCF96232F8F394000934FAF /* Exceptions for "superduperproject" folder in "superduperproject" target */,
			);
			path = superduperproject;
			sourceTree = "<group>";
		};
/* End PBXFileSystemSynchronizedRootGroup section */

/* Begin PBXFrameworksBuildPhase section */
		DB798B302F68C31200C1CABB /* Frameworks */ = {
			isa = PBXFrameworksBuildPhase;
			buildActionMask = 2147483647;
			files = (
				2DD1DFD22F8EBDF6005DBDC0 /* FirebaseDatabase in Frameworks */,
				2D8FE0B02F95D2870051AC16 /* FirebaseFirestoreCombine-Community in Frameworks */,
				2DD1DFCA2F8EBDF6005DBDC0 /* FirebaseAnalytics in Frameworks */,
				2DD1DFCE2F8EBDF6005DBDC0 /* FirebaseAuthCombine-Community in Frameworks */,
				2DD1DFD02F8EBDF6005DBDC0 /* FirebaseCore in Frameworks */,
				2DD1DFD62F8EBDF6005DBDC0 /* FirebaseStorage in Frameworks */,
				2DD1DFCC2F8EBDF6005DBDC0 /* FirebaseAuth in Frameworks */,
				2DD1DFD42F8EBDF6005DBDC0 /* FirebaseFirestore in Frameworks */,
			);
			runOnlyForDeploymentPostprocessing = 0;
		};
/* End PBXFrameworksBuildPhase section */

/* Begin PBXGroup section */
		2D8B1C472F97207D00B563C7 /* Products */ = {
			isa = PBXGroup;
			name = Products;
			sourceTree = "<group>";
		};
		2D8FE08E2F95A7CA0051AC16 /* Products */ = {
			isa = PBXGroup;
			name = Products;
			sourceTree = "<group>";
		};
		2D8FE0AE2F95C8130051AC16 /* Frameworks */ = {
			isa = PBXGroup;
			children = (
			);
			name = Frameworks;
			sourceTree = "<group>";
		};
		2DD1E01C2F8EDA3E005DBDC0 /* Products */ = {
			isa = PBXGroup;
			children = (
			);
			name = Products;
			sourceTree = "<group>";
		};
		BC1C90C82F8F3827007839F7 /* Products */ = {
			isa = PBXGroup;
			children = (
			);
			name = Products;
			sourceTree = "<group>";
		};
		DB730FBD2F9015870091B0A8 /* Products */ = {
			isa = PBXGroup;
			name = Products;
			sourceTree = "<group>";
		};
		DB7310042F90405F0091B0A8 /* Products */ = {
			isa = PBXGroup;
			name = Products;
			sourceTree = "<group>";
		};
		DB798B2A2F68C31200C1CABB = {
			isa = PBXGroup;
			children = (
				DB798B352F68C31200C1CABB /* superduperproject */,
				2D8FE0AE2F95C8130051AC16 /* Frameworks */,
				DB798B342F68C31200C1CABB /* Products */,
			);
			sourceTree = "<group>";
		};
		DB798B342F68C31200C1CABB /* Products */ = {
			isa = PBXGroup;
			children = (
				DB798B332F68C31200C1CABB /* superduperproject.app */,
			);
			name = Products;
			sourceTree = "<group>";
		};
		DB8F56502F99B3B800B62A71 /* Products */ = {
			isa = PBXGroup;
			name = Products;
			sourceTree = "<group>";
		};
		DB9989762F97060300B6970E /* Products */ = {
			isa = PBXGroup;
			name = Products;
			sourceTree = "<group>";
		};
		DBCF95DE2F8EEB2500934FAF /* Products */ = {
			isa = PBXGroup;
			children = (
			);
			name = Products;
			sourceTree = "<group>";
		};
		DBCF96552F8F568F00934FAF /* Products */ = {
			isa = PBXGroup;
			name = Products;
			sourceTree = "<group>";
		};
/* End PBXGroup section */

/* Begin PBXNativeTarget section */
		DB798B322F68C31200C1CABB /* superduperproject */ = {
			isa = PBXNativeTarget;
			buildConfigurationList = DB798B3E2F68C31300C1CABB /* Build configuration list for PBXNativeTarget "superduperproject" */;
			buildPhases = (
				DB798B2F2F68C31200C1CABB /* Sources */,
				DB798B302F68C31200C1CABB /* Frameworks */,
				DB798B312F68C31200C1CABB /* Resources */,
			);
			buildRules = (
			);
			dependencies = (
			);
			fileSystemSynchronizedGroups = (
				DB798B352F68C31200C1CABB /* superduperproject */,
			);
			name = superduperproject;
			packageProductDependencies = (
				2DD1DFC92F8EBDF6005DBDC0 /* FirebaseAnalytics */,
				2DD1DFCB2F8EBDF6005DBDC0 /* FirebaseAuth */,
				2DD1DFCD2F8EBDF6005DBDC0 /* FirebaseAuthCombine-Community */,
				2DD1DFCF2F8EBDF6005DBDC0 /* FirebaseCore */,
				2DD1DFD12F8EBDF6005DBDC0 /* FirebaseDatabase */,
				2DD1DFD32F8EBDF6005DBDC0 /* FirebaseFirestore */,
				2DD1DFD52F8EBDF6005DBDC0 /* FirebaseStorage */,
				2D8FE0AF2F95D2870051AC16 /* FirebaseFirestoreCombine-Community */,
			);
			productName = superduperproject;
			productReference = DB798B332F68C31200C1CABB /* superduperproject.app */;
			productType = "com.apple.product-type.application";
		};
/* End PBXNativeTarget section */

/* Begin PBXProject section */
		DB798B2B2F68C31200C1CABB /* Project object */ = {
			isa = PBXProject;
			attributes = {
				BuildIndependentTargetsInParallel = 1;
				LastSwiftUpdateCheck = 2620;
				LastUpgradeCheck = 2620;
				TargetAttributes = {
					DB798B322F68C31200C1CABB = {
						CreatedOnToolsVersion = 26.2;
					};
				};
			};
			buildConfigurationList = DB798B2E2F68C31200C1CABB /* Build configuration list for PBXProject "superduperproject" */;
			developmentRegion = en;
			hasScannedForEncodings = 0;
			knownRegions = (
				en,
				Base,
			);
			mainGroup = DB798B2A2F68C31200C1CABB;
			minimizedProjectReferenceProxies = 1;
			packageReferences = (
				2DD1DFC82F8EBDF6005DBDC0 /* XCRemoteSwiftPackageReference "firebase-ios-sdk" */,
			);
			preferredProjectObjectVersion = 77;
			productRefGroup = DB798B342F68C31200C1CABB /* Products */;
			projectDirPath = "";
			projectReferences = (
				{
					ProductGroup = DB9989762F97060300B6970E /* Products */;
					ProjectRef = DB9989742F97060300B6970E /* superduperproject.xcodeproj */;
				},
				{
					ProductGroup = BC1C90C82F8F3827007839F7 /* Products */;
					ProjectRef = BC1C90C62F8F3827007839F7 /* superduperproject.xcodeproj */;
				},
				{
					ProductGroup = DB7310042F90405F0091B0A8 /* Products */;
					ProjectRef = DB7310022F90405F0091B0A8 /* superduperproject.xcodeproj */;
				},
				{
					ProductGroup = 2D8B1C472F97207D00B563C7 /* Products */;
					ProjectRef = 2D8B1C452F97207D00B563C7 /* superduperproject.xcodeproj */;
				},
				{
					ProductGroup = DBCF96552F8F568F00934FAF /* Products */;
					ProjectRef = DBCF96532F8F568F00934FAF /* superduperproject.xcodeproj */;
				},
				{
					ProductGroup = DB8F56502F99B3B800B62A71 /* Products */;
					ProjectRef = DB8F564E2F99B3B800B62A71 /* superduperproject.xcodeproj */;
				},
				{
					ProductGroup = 2D8FE08E2F95A7CA0051AC16 /* Products */;
					ProjectRef = 2D8FE08C2F95A7CA0051AC16 /* superduperproject.xcodeproj */;
				},
				{
					ProductGroup = DB730FBD2F9015870091B0A8 /* Products */;
					ProjectRef = DB730FBB2F9015870091B0A8 /* superduperproject.xcodeproj */;
				},
				{
					ProductGroup = DBCF95DE2F8EEB2500934FAF /* Products */;
					ProjectRef = DBCF95DC2F8EEB2500934FAF /* superduperproject.xcodeproj */;
				},
				{
					ProductGroup = 2DD1E01C2F8EDA3E005DBDC0 /* Products */;
					ProjectRef = 2DD1E01B2F8EDA3E005DBDC0 /* superduperproject.xcodeproj */;
				},
			);
			projectRoot = "";
			targets = (
				DB798B322F68C31200C1CABB /* superduperproject */,
			);
		};
/* End PBXProject section */

/* Begin PBXResourcesBuildPhase section */
		DB798B312F68C31200C1CABB /* Resources */ = {
			isa = PBXResourcesBuildPhase;
			buildActionMask = 2147483647;
			files = (
			);
			runOnlyForDeploymentPostprocessing = 0;
		};
/* End PBXResourcesBuildPhase section */

/* Begin PBXSourcesBuildPhase section */
		DB798B2F2F68C31200C1CABB /* Sources */ = {
			isa = PBXSourcesBuildPhase;
			buildActionMask = 2147483647;
			files = (
			);
			runOnlyForDeploymentPostprocessing = 0;
		};
/* End PBXSourcesBuildPhase section */

/* Begin XCBuildConfiguration section */
		DB798B3C2F68C31300C1CABB /* Debug */ = {
			isa = XCBuildConfiguration;
			buildSettings = {
				ALWAYS_SEARCH_USER_PATHS = NO;
				ASSETCATALOG_COMPILER_GENERATE_SWIFT_ASSET_SYMBOL_EXTENSIONS = YES;
				CLANG_ANALYZER_NONNULL = YES;
				CLANG_ANALYZER_NUMBER_OBJECT_CONVERSION = YES_AGGRESSIVE;
				CLANG_CXX_LANGUAGE_STANDARD = "gnu++20";
				CLANG_ENABLE_MODULES = YES;
				CLANG_ENABLE_OBJC_ARC = YES;
				CLANG_ENABLE_OBJC_WEAK = YES;
				CLANG_WARN_BLOCK_CAPTURE_AUTORELEASING = YES;
				CLANG_WARN_BOOL_CONVERSION = YES;
				CLANG_WARN_COMMA = YES;
				CLANG_WARN_CONSTANT_CONVERSION = YES;
				CLANG_WARN_DEPRECATED_OBJC_IMPLEMENTATIONS = YES;
				CLANG_WARN_DIRECT_OBJC_ISA_USAGE = YES_ERROR;
				CLANG_WARN_DOCUMENTATION_COMMENTS = YES;
				CLANG_WARN_EMPTY_BODY = YES;
				CLANG_WARN_ENUM_CONVERSION = YES;
				CLANG_WARN_INFINITE_RECURSION = YES;
				CLANG_WARN_INT_CONVERSION = YES;
				CLANG_WARN_NON_LITERAL_NULL_CONVERSION = YES;
				CLANG_WARN_OBJC_IMPLICIT_RETAIN_SELF = YES;
				CLANG_WARN_OBJC_LITERAL_CONVERSION = YES;
				CLANG_WARN_OBJC_ROOT_CLASS = YES_ERROR;
				CLANG_WARN_QUOTED_INCLUDE_IN_FRAMEWORK_HEADER = YES;
				CLANG_WARN_RANGE_LOOP_ANALYSIS = YES;
				CLANG_WARN_STRICT_PROTOTYPES = YES;
				CLANG_WARN_SUSPICIOUS_MOVE = YES;
				CLANG_WARN_UNGUARDED_AVAILABILITY = YES_AGGRESSIVE;
				CLANG_WARN_UNREACHABLE_CODE = YES;
				CLANG_WARN__DUPLICATE_METHOD_MATCH = YES;
				COPY_PHASE_STRIP = NO;
				DEBUG_INFORMATION_FORMAT = dwarf;
				DEVELOPMENT_TEAM = QXV2U3HP8N;
				ENABLE_STRICT_OBJC_MSGSEND = YES;
				ENABLE_TESTABILITY = YES;
				ENABLE_USER_SCRIPT_SANDBOXING = YES;
				GCC_C_LANGUAGE_STANDARD = gnu17;
				GCC_DYNAMIC_NO_PIC = NO;
				GCC_NO_COMMON_BLOCKS = YES;
				GCC_OPTIMIZATION_LEVEL = 0;
				GCC_PREPROCESSOR_DEFINITIONS = (
					"DEBUG=1",
					"$(inherited)",
				);
				GCC_WARN_64_TO_32_BIT_CONVERSION = YES;
				GCC_WARN_ABOUT_RETURN_TYPE = YES_ERROR;
				GCC_WARN_UNDECLARED_SELECTOR = YES;
				GCC_WARN_UNINITIALIZED_AUTOS = YES_AGGRESSIVE;
				GCC_WARN_UNUSED_FUNCTION = YES;
				GCC_WARN_UNUSED_VARIABLE = YES;
				IPHONEOS_DEPLOYMENT_TARGET = 26.2;
				LOCALIZATION_PREFERS_STRING_CATALOGS = YES;
				MTL_ENABLE_DEBUG_INFO = INCLUDE_SOURCE;
				MTL_FAST_MATH = YES;
				ONLY_ACTIVE_ARCH = YES;
				SDKROOT = iphoneos;
				SWIFT_ACTIVE_COMPILATION_CONDITIONS = "DEBUG $(inherited)";
				SWIFT_OPTIMIZATION_LEVEL = "-Onone";
			};
			name = Debug;
		};
		DB798B3D2F68C31300C1CABB /* Release */ = {
			isa = XCBuildConfiguration;
			buildSettings = {
				ALWAYS_SEARCH_USER_PATHS = NO;
				ASSETCATALOG_COMPILER_GENERATE_SWIFT_ASSET_SYMBOL_EXTENSIONS = YES;
				CLANG_ANALYZER_NONNULL = YES;
				CLANG_ANALYZER_NUMBER_OBJECT_CONVERSION = YES_AGGRESSIVE;
				CLANG_CXX_LANGUAGE_STANDARD = "gnu++20";
				CLANG_ENABLE_MODULES = YES;
				CLANG_ENABLE_OBJC_ARC = YES;
				CLANG_ENABLE_OBJC_WEAK = YES;
				CLANG_WARN_BLOCK_CAPTURE_AUTORELEASING = YES;
				CLANG_WARN_BOOL_CONVERSION = YES;
				CLANG_WARN_COMMA = YES;
				CLANG_WARN_CONSTANT_CONVERSION = YES;
				CLANG_WARN_DEPRECATED_OBJC_IMPLEMENTATIONS = YES;
				CLANG_WARN_DIRECT_OBJC_ISA_USAGE = YES_ERROR;
				CLANG_WARN_DOCUMENTATION_COMMENTS = YES;
				CLANG_WARN_EMPTY_BODY = YES;
				CLANG_WARN_ENUM_CONVERSION = YES;
				CLANG_WARN_INFINITE_RECURSION = YES;
				CLANG_WARN_INT_CONVERSION = YES;
				CLANG_WARN_NON_LITERAL_NULL_CONVERSION = YES;
				CLANG_WARN_OBJC_IMPLICIT_RETAIN_SELF = YES;
				CLANG_WARN_OBJC_LITERAL_CONVERSION = YES;
				CLANG_WARN_OBJC_ROOT_CLASS = YES_ERROR;
				CLANG_WARN_QUOTED_INCLUDE_IN_FRAMEWORK_HEADER = YES;
				CLANG_WARN_RANGE_LOOP_ANALYSIS = YES;
				CLANG_WARN_STRICT_PROTOTYPES = YES;
				CLANG_WARN_SUSPICIOUS_MOVE = YES;
				CLANG_WARN_UNGUARDED_AVAILABILITY = YES_AGGRESSIVE;
				CLANG_WARN_UNREACHABLE_CODE = YES;
				CLANG_WARN__DUPLICATE_METHOD_MATCH = YES;
				COPY_PHASE_STRIP = NO;
				DEBUG_INFORMATION_FORMAT = "dwarf-with-dsym";
				DEVELOPMENT_TEAM = QXV2U3HP8N;
				ENABLE_NS_ASSERTIONS = NO;
				ENABLE_STRICT_OBJC_MSGSEND = YES;
				ENABLE_USER_SCRIPT_SANDBOXING = YES;
				GCC_C_LANGUAGE_STANDARD = gnu17;
				GCC_NO_COMMON_BLOCKS = YES;
				GCC_WARN_64_TO_32_BIT_CONVERSION = YES;
				GCC_WARN_ABOUT_RETURN_TYPE = YES_ERROR;
				GCC_WARN_UNDECLARED_SELECTOR = YES;
				GCC_WARN_UNINITIALIZED_AUTOS = YES_AGGRESSIVE;
				GCC_WARN_UNUSED_FUNCTION = YES;
				GCC_WARN_UNUSED_VARIABLE = YES;
				IPHONEOS_DEPLOYMENT_TARGET = 26.2;
				LOCALIZATION_PREFERS_STRING_CATALOGS = YES;
				MTL_ENABLE_DEBUG_INFO = NO;
				MTL_FAST_MATH = YES;
				SDKROOT = iphoneos;
				SWIFT_COMPILATION_MODE = wholemodule;
				VALIDATE_PRODUCT = YES;
			};
			name = Release;
		};
		DB798B3F2F68C31300C1CABB /* Debug */ = {
			isa = XCBuildConfiguration;
			buildSettings = {
				ASSETCATALOG_COMPILER_APPICON_NAME = AppIcon;
				ASSETCATALOG_COMPILER_GLOBAL_ACCENT_COLOR_NAME = AccentColor;
				CODE_SIGN_STYLE = Automatic;
				CURRENT_PROJECT_VERSION = 1;
				DEVELOPMENT_TEAM = QXV2U3HP8N;
				ENABLE_PREVIEWS = YES;
				GENERATE_INFOPLIST_FILE = YES;
				INFOPLIST_FILE = superduperproject/Info.plist;
				INFOPLIST_KEY_UIApplicationSceneManifest_Generation = YES;
				INFOPLIST_KEY_UIApplicationSupportsIndirectInputEvents = YES;
				INFOPLIST_KEY_UILaunchScreen_Generation = YES;
				INFOPLIST_KEY_UISupportedInterfaceOrientations_iPad = "UIInterfaceOrientationPortrait UIInterfaceOrientationPortraitUpsideDown UIInterfaceOrientationLandscapeLeft UIInterfaceOrientationLandscapeRight";
				INFOPLIST_KEY_UISupportedInterfaceOrientations_iPhone = "UIInterfaceOrientationPortrait UIInterfaceOrientationLandscapeLeft UIInterfaceOrientationLandscapeRight";
				LD_RUNPATH_SEARCH_PATHS = (
					"$(inherited)",
					"@executable_path/Frameworks",
				);
				MARKETING_VERSION = 1.0;
				PRODUCT_BUNDLE_IDENTIFIER = ashley.superduperproject;
				PRODUCT_NAME = "$(TARGET_NAME)";
				STRING_CATALOG_GENERATE_SYMBOLS = YES;
				SWIFT_APPROACHABLE_CONCURRENCY = YES;
				SWIFT_DEFAULT_ACTOR_ISOLATION = MainActor;
				SWIFT_EMIT_LOC_STRINGS = YES;
				SWIFT_UPCOMING_FEATURE_MEMBER_IMPORT_VISIBILITY = YES;
				SWIFT_VERSION = 5.0;
				TARGETED_DEVICE_FAMILY = "1,2";
			};
			name = Debug;
		};
		DB798B402F68C31300C1CABB /* Release */ = {
			isa = XCBuildConfiguration;
			buildSettings = {
				ASSETCATALOG_COMPILER_APPICON_NAME = AppIcon;
				ASSETCATALOG_COMPILER_GLOBAL_ACCENT_COLOR_NAME = AccentColor;
				CODE_SIGN_STYLE = Automatic;
				CURRENT_PROJECT_VERSION = 1;
				DEVELOPMENT_TEAM = QXV2U3HP8N;
				ENABLE_PREVIEWS = YES;
				GENERATE_INFOPLIST_FILE = YES;
				INFOPLIST_FILE = superduperproject/Info.plist;
				INFOPLIST_KEY_UIApplicationSceneManifest_Generation = YES;
				INFOPLIST_KEY_UIApplicationSupportsIndirectInputEvents = YES;
				INFOPLIST_KEY_UILaunchScreen_Generation = YES;
				INFOPLIST_KEY_UISupportedInterfaceOrientations_iPad = "UIInterfaceOrientationPortrait UIInterfaceOrientationPortraitUpsideDown UIInterfaceOrientationLandscapeLeft UIInterfaceOrientationLandscapeRight";
				INFOPLIST_KEY_UISupportedInterfaceOrientations_iPhone = "UIInterfaceOrientationPortrait UIInterfaceOrientationLandscapeLeft UIInterfaceOrientationLandscapeRight";
				LD_RUNPATH_SEARCH_PATHS = (
					"$(inherited)",
					"@executable_path/Frameworks",
				);
				MARKETING_VERSION = 1.0;
				PRODUCT_BUNDLE_IDENTIFIER = ashley.superduperproject;
				PRODUCT_NAME = "$(TARGET_NAME)";
				STRING_CATALOG_GENERATE_SYMBOLS = YES;
				SWIFT_APPROACHABLE_CONCURRENCY = YES;
				SWIFT_DEFAULT_ACTOR_ISOLATION = MainActor;
				SWIFT_EMIT_LOC_STRINGS = YES;
				SWIFT_UPCOMING_FEATURE_MEMBER_IMPORT_VISIBILITY = YES;
				SWIFT_VERSION = 5.0;
				TARGETED_DEVICE_FAMILY = "1,2";
			};
			name = Release;
		};
/* End XCBuildConfiguration section */

/* Begin XCConfigurationList section */
		DB798B2E2F68C31200C1CABB /* Build configuration list for PBXProject "superduperproject" */ = {
			isa = XCConfigurationList;
			buildConfigurations = (
				DB798B3C2F68C31300C1CABB /* Debug */,
				DB798B3D2F68C31300C1CABB /* Release */,
			);
			defaultConfigurationIsVisible = 0;
			defaultConfigurationName = Release;
		};
		DB798B3E2F68C31300C1CABB /* Build configuration list for PBXNativeTarget "superduperproject" */ = {
			isa = XCConfigurationList;
			buildConfigurations = (
				DB798B3F2F68C31300C1CABB /* Debug */,
				DB798B402F68C31300C1CABB /* Release */,
			);
			defaultConfigurationIsVisible = 0;
			defaultConfigurationName = Release;
		};
/* End XCConfigurationList section */

/* Begin XCRemoteSwiftPackageReference section */
		2DD1DFC82F8EBDF6005DBDC0 /* XCRemoteSwiftPackageReference "firebase-ios-sdk" */ = {
			isa = XCRemoteSwiftPackageReference;
			repositoryURL = "https://github.com/firebase/firebase-ios-sdk";
			requirement = {
				kind = upToNextMajorVersion;
				minimumVersion = 12.12.0;
			};
		};
/* End XCRemoteSwiftPackageReference section */

/* Begin XCSwiftPackageProductDependency section */
		2D8FE0AF2F95D2870051AC16 /* FirebaseFirestoreCombine-Community */ = {
			isa = XCSwiftPackageProductDependency;
			package = 2DD1DFC82F8EBDF6005DBDC0 /* XCRemoteSwiftPackageReference "firebase-ios-sdk" */;
			productName = "FirebaseFirestoreCombine-Community";
		};
		2DD1DFC92F8EBDF6005DBDC0 /* FirebaseAnalytics */ = {
			isa = XCSwiftPackageProductDependency;
			package = 2DD1DFC82F8EBDF6005DBDC0 /* XCRemoteSwiftPackageReference "firebase-ios-sdk" */;
			productName = FirebaseAnalytics;
		};
		2DD1DFCB2F8EBDF6005DBDC0 /* FirebaseAuth */ = {
			isa = XCSwiftPackageProductDependency;
			package = 2DD1DFC82F8EBDF6005DBDC0 /* XCRemoteSwiftPackageReference "firebase-ios-sdk" */;
			productName = FirebaseAuth;
		};
		2DD1DFCD2F8EBDF6005DBDC0 /* FirebaseAuthCombine-Community */ = {
			isa = XCSwiftPackageProductDependency;
			package = 2DD1DFC82F8EBDF6005DBDC0 /* XCRemoteSwiftPackageReference "firebase-ios-sdk" */;
			productName = "FirebaseAuthCombine-Community";
		};
		2DD1DFCF2F8EBDF6005DBDC0 /* FirebaseCore */ = {
			isa = XCSwiftPackageProductDependency;
			package = 2DD1DFC82F8EBDF6005DBDC0 /* XCRemoteSwiftPackageReference "firebase-ios-sdk" */;
			productName = FirebaseCore;
		};
		2DD1DFD12F8EBDF6005DBDC0 /* FirebaseDatabase */ = {
			isa = XCSwiftPackageProductDependency;
			package = 2DD1DFC82F8EBDF6005DBDC0 /* XCRemoteSwiftPackageReference "firebase-ios-sdk" */;
			productName = FirebaseDatabase;
		};
		2DD1DFD32F8EBDF6005DBDC0 /* FirebaseFirestore */ = {
			isa = XCSwiftPackageProductDependency;
			package = 2DD1DFC82F8EBDF6005DBDC0 /* XCRemoteSwiftPackageReference "firebase-ios-sdk" */;
			productName = FirebaseFirestore;
		};
		2DD1DFD52F8EBDF6005DBDC0 /* FirebaseStorage */ = {
			isa = XCSwiftPackageProductDependency;
			package = 2DD1DFC82F8EBDF6005DBDC0 /* XCRemoteSwiftPackageReference "firebase-ios-sdk" */;
			productName = FirebaseStorage;
		};
/* End XCSwiftPackageProductDependency section */
	};
	rootObject = DB798B2B2F68C31200C1CABB /* Project object */;
}
